PODS:
  - BlockLeaksKiller (0.0.1):
    - MLeaksFinder
  - FBRetainCycleDetector (0.1.4)
  - MLeaksFinder (1.0.0):
    - FBRetainCycleDetector

DEPENDENCIES:
  - BlockLeaksKiller (from `../`)

SPEC REPOS:
  https://github.com/cocoapods/specs.git:
    - FBRetainCycleDetector
    - MLeaksFinder

EXTERNAL SOURCES:
  BlockLeaksKiller:
    :path: "../"

SPEC CHECKSUMS:
  BlockLeaksKiller: 750494103fbb3b768e7f8a640d019f8d3bfc3d9b
  FBRetainCycleDetector: 46f8179bbb1c587deee3ea838a1a3ee02acf5015
  MLeaksFinder: 8c435bd2f6d070af18cff082b503b21adc130fc0

PODFILE CHECKSUM: 71906c0e9d45cf8db1de14cd8fe77f4b404feb66

COCOAPODS: 1.5.3
